{
  "version": 4,
  "terraform_version": "1.14.8",
  "serial": 57,
  "lineage": "b785f999-8b20-a052-b3a6-201b29f6b5f7",
  "outputs": {
    "ip": {
      "value": "192.168.122.13",
      "type": "string"
    }
  },
  "resources": [
    {
      "mode": "managed",
      "type": "libvirt_cloudinit_disk",
      "name": "commoninit",
      "provider": "provider[\"registry.terraform.io/dmacvicar/libvirt\"]",
      "instances": [
        {
          "schema_version": 0,
          "attributes": {
            "id": "/var/lib/libvirt/images/commoninit.iso;48f9454f-30e9-4016-bd21-27532226f7a3",
            "meta_data": "instance-id: ubuntu-01\nlocal-hostname: ubuntu\n",
            "name": "commoninit.iso",
            "network_config": "",
            "pool": "images",
            "user_data": "#cloud-config\n# vim: syntax=yaml\n#\n# ***********************\n# \t---- for more examples look at: ------\n# ---\u003e https://cloudinit.readthedocs.io/en/latest/topics/examples.html\n# ******************************\n#\n# This is the configuration syntax that the write_files module\n# will know how to understand. encoding can be given b64 or gzip or (gz+b64).\n# The content will be decoded accordingly and then written to the path that is\n# provided.\n#\n# Note: Content strings here are truncated for example purposes.\nusers:\n  - name: liza\n    ssh_authorized_keys:\n      - ssh-rsa AAAAB3NzaC1yc2EAAAADAQABAAACAQDHO9/TW8JdJV3ovrZipv9szFL3m8t0sBV98Uhigwxo7g45V8+ONCdrsbutru+ifjiE+hqRU8T+O5zAhFRrt4NPn7tIxN7654TGPWUKZQrl7Tigd+yfG2QChjWBugpy+bD7CjD1eeyCrnMCsJrd+VhWLztq5zBVh0wlcvfuEWJr+yOQcKJe8Ea8hoQjBrepLwb7wFolmTfMVIiyrjO9eoA/d9Q6UpEsI6JZEkcd3sjJwHhJH8R/dYfgfkezPcZ7adiCnlwnEyGpwNPsLX2HqAHoAIAE8LiL+X1DDo9yc8eheyyLwv6BYqXJkUksJ0eX0xWCuu++yMJ94mZwWLXepYn5uu0Svto+KFQbMlfkqVAX/6Qt10O+LLGLo5Rv7kJa7appOOiTnnZUHqDqvaXhGKKcnT2FV3te65HFe80/OWiMgCRl3ygrPkQfQ+eKwmWxT5bQLLOH5d8F5/MjhernAAHhHgbXZ0P6ibW2inDXIUn7zQAN0WeISzeccsWCocR5hpM7itbyEDwTdN72lZ0d4WnlElCFfcWom+eXPErac+t4C5bwws7in7xaEytXuUATcjNo6YU9alby7D0YvaeBqGWmocuVupocN0FwltzebOauxb5TnLOO/GGvHZsQztv0C4kZha1Ms5OjwYzvPjFNUUmtwKwdeGiDBc00DxNCp/f39Q== liza@liza-ai-pc\n\n    sudo: ['ALL=(ALL) NOPASSWD:ALL']\n    shell: /bin/bash\n    groups: sudo\n\nssh_pwauth: false\n\nwrite_files:\n  - path: /etc/ssh/sshd_config.d/99-disable-password.conf\n    content: |\n      PasswordAuthentication no\n      KbdInteractiveAuthentication no\n    \ngrowpart:\n  mode: auto\n   \nresize_rootfs: true\n"
          },
          "sensitive_attributes": [],
          "identity_schema_version": 0,
          "private": "bnVsbA=="
        }
      ]
    },
    {
      "mode": "managed",
      "type": "libvirt_domain",
      "name": "ubuntu",
      "provider": "provider[\"registry.terraform.io/dmacvicar/libvirt\"]",
      "instances": [
        {
          "schema_version": 0,
          "attributes": {
            "arch": "x86_64",
            "autostart": null,
            "boot_device": [],
            "cloudinit": "/var/lib/libvirt/images/commoninit.iso;48f9454f-30e9-4016-bd21-27532226f7a3",
            "cmdline": null,
            "console": [
              {
                "source_host": "127.0.0.1",
                "source_path": "",
                "source_service": "0",
                "target_port": "0",
                "target_type": "serial",
                "type": "pty"
              }
            ],
            "coreos_ignition": null,
            "cpu": [],
            "description": "",
            "disk": [
              {
                "block_device": "",
                "file": "",
                "scsi": false,
                "url": "",
                "volume_id": "/var/lib/libvirt/images/ubuntu.qcow2",
                "wwn": ""
              }
            ],
            "emulator": "/usr/bin/qemu-system-x86_64",
            "filesystem": [],
            "firmware": "",
            "fw_cfg_name": "opt/com.coreos/config",
            "graphics": [
              {
                "autoport": true,
                "listen_address": "127.0.0.1",
                "listen_type": "address",
                "type": "spice",
                "websocket": 0
              }
            ],
            "id": "98f6e11d-9f8e-4aeb-8d5d-4724931ab90c",
            "initrd": "",
            "kernel": "",
            "machine": "ubuntu",
            "memory": 2048,
            "metadata": null,
            "name": "ubuntu",
            "network_interface": [
              {
                "addresses": [
                  "192.168.122.13"
                ],
                "bridge": "",
                "hostname": "",
                "mac": "52:54:00:A2:8F:B6",
                "macvtap": "",
                "network_id": "bdeb32f6-e46e-44f5-bfd7-faefa426d344",
                "network_name": "default",
                "passthrough": "",
                "vepa": "",
                "wait_for_lease": true
              }
            ],
            "nvram": [],
            "qemu_agent": false,
            "running": true,
            "timeouts": null,
            "tpm": [],
            "vcpu": 2,
            "video": [],
            "xml": []
          },
          "sensitive_attributes": [],
          "identity_schema_version": 0,
          "private": "eyJlMmJmYjczMC1lY2FhLTExZTYtOGY4OC0zNDM2M2JjN2M0YzAiOnsiY3JlYXRlIjozMDAwMDAwMDAwMDB9fQ==",
          "dependencies": [
            "libvirt_cloudinit_disk.commoninit",
            "libvirt_volume.base",
            "libvirt_volume.ubuntu-qcow2"
          ]
        }
      ]
    },
    {
      "mode": "managed",
      "type": "libvirt_volume",
      "name": "base",
      "provider": "provider[\"registry.terraform.io/dmacvicar/libvirt\"]",
      "instances": [
        {
          "schema_version": 0,
          "attributes": {
            "base_volume_id": null,
            "base_volume_name": null,
            "base_volume_pool": null,
            "format": "qcow2",
            "id": "/var/lib/libvirt/images/ubuntu-base.qcow2",
            "name": "ubuntu-base.qcow2",
            "pool": "images",
            "size": 2361393152,
            "source": "https://cloud-images.ubuntu.com/jammy/current/jammy-server-cloudimg-amd64.img",
            "xml": []
          },
          "sensitive_attributes": [],
          "identity_schema_version": 0,
          "private": "bnVsbA=="
        }
      ]
    },
    {
      "mode": "managed",
      "type": "libvirt_volume",
      "name": "ubuntu-qcow2",
      "provider": "provider[\"registry.terraform.io/dmacvicar/libvirt\"]",
      "instances": [
        {
          "schema_version": 0,
          "attributes": {
            "base_volume_id": "/var/lib/libvirt/images/ubuntu-base.qcow2",
            "base_volume_name": null,
            "base_volume_pool": null,
            "format": "qcow2",
            "id": "/var/lib/libvirt/images/ubuntu.qcow2",
            "name": "ubuntu.qcow2",
            "pool": "images",
            "size": 16106127360,
            "source": null,
            "xml": []
          },
          "sensitive_attributes": [],
          "identity_schema_version": 0,
          "private": "bnVsbA==",
          "dependencies": [
            "libvirt_volume.base"
          ]
        }
      ]
    }
  ],
  "check_results": null
}
